
Microsoft Visual Studio Solution File, Format Version 12.00
# Visual Studio Version 17
VisualStudioVersion = 17.10.35004.147
MinimumVisualStudioVersion = 10.0.40219.1
Project("{FAE04EC0-301F-11D3-BF4B-00C04F79EFBC}") = "OrbitalOptics.Domain", "..\OrbitalOptics.Domain\OrbitalOptics.Domain.csproj", "{7AEB223D-E576-43A0-8566-F923790CFE51}"
EndProject
Project("{FAE04EC0-301F-11D3-BF4B-00C04F79EFBC}") = "OrbitalOptics.DataAccess", "..\OrbitalOptics.DataAccess\OrbitalOptics.DataAccess.csproj", "{534E08F1-39ED-4796-ACE0-CFB241FF38F2}"
EndProject
Project("{FAE04EC0-301F-11D3-BF4B-00C04F79EFBC}") = "OrbitalOptics.Application", "..\OrbitalOptics.Application\OrbitalOptics.Application.csproj", "{5341EEDB-2221-4EE1-B1B1-D101A5B99172}"
EndProject
Project("{FAE04EC0-301F-11D3-BF4B-00C04F79EFBC}") = "OrbitalOptics.Implementation", "..\OrbitalOptics.Implementation\OrbitalOptics.Implementation.csproj", "{B8C11E29-C529-47A6-A4EE-CF566F21FF54}"
EndProject
Project("{FAE04EC0-301F-11D3-BF4B-00C04F79EFBC}") = "OrbitalOptics.API", "..\OrbitalOptics.API\OrbitalOptics.API.csproj", "{66D34FDB-3549-429A-A06C-1FA8A504711E}"
EndProject
Global
	GlobalSection(SolutionConfigurationPlatforms) = preSolution
		Debug|Any CPU = Debug|Any CPU
		Release|Any CPU = Release|Any CPU
	EndGlobalSection
	GlobalSection(ProjectConfigurationPlatforms) = postSolution
		{7AEB223D-E576-43A0-8566-F923790CFE51}.Debug|Any CPU.ActiveCfg = Debug|Any CPU
		{7AEB223D-E576-43A0-8566-F923790CFE51}.Debug|Any CPU.Build.0 = Debug|Any CPU
		{7AEB223D-E576-43A0-8566-F923790CFE51}.Release|Any CPU.ActiveCfg = Release|Any CPU
		{7AEB223D-E576-43A0-8566-F923790CFE51}.Release|Any CPU.Build.0 = Release|Any CPU
		{534E08F1-39ED-4796-ACE0-CFB241FF38F2}.Debug|Any CPU.ActiveCfg = Debug|Any CPU
		{534E08F1-39ED-4796-ACE0-CFB241FF38F2}.Debug|Any CPU.Build.0 = Debug|Any CPU
		{534E08F1-39ED-4796-ACE0-CFB241FF38F2}.Release|Any CPU.ActiveCfg = Release|Any CPU
		{534E08F1-39ED-4796-ACE0-CFB241FF38F2}.Release|Any CPU.Build.0 = Release|Any CPU
		{5341EEDB-2221-4EE1-B1B1-D101A5B99172}.Debug|Any CPU.ActiveCfg = Debug|Any CPU
		{5341EEDB-2221-4EE1-B1B1-D101A5B99172}.Debug|Any CPU.Build.0 = Debug|Any CPU
		{5341EEDB-2221-4EE1-B1B1-D101A5B99172}.Release|Any CPU.ActiveCfg = Release|Any CPU
		{5341EEDB-2221-4EE1-B1B1-D101A5B99172}.Release|Any CPU.Build.0 = Release|Any CPU
		{B8C11E29-C529-47A6-A4EE-CF566F21FF54}.Debug|Any CPU.ActiveCfg = Debug|Any CPU
		{B8C11E29-C529-47A6-A4EE-CF566F21FF54}.Debug|Any CPU.Build.0 = Debug|Any CPU
		{B8C11E29-C529-47A6-A4EE-CF566F21FF54}.Release|Any CPU.ActiveCfg = Release|Any CPU
		{B8C11E29-C529-47A6-A4EE-CF566F21FF54}.Release|Any CPU.Build.0 = Release|Any CPU
		{66D34FDB-3549-429A-A06C-1FA8A504711E}.Debug|Any CPU.ActiveCfg = Debug|Any CPU
		{66D34FDB-3549-429A-A06C-1FA8A504711E}.Debug|Any CPU.Build.0 = Debug|Any CPU
		{66D34FDB-3549-429A-A06C-1FA8A504711E}.Release|Any CPU.ActiveCfg = Release|Any CPU
		{66D34FDB-3549-429A-A06C-1FA8A504711E}.Release|Any CPU.Build.0 = Release|Any CPU
	EndGlobalSection
	GlobalSection(SolutionProperties) = preSolution
		HideSolutionNode = FALSE
	EndGlobalSection
	GlobalSection(ExtensibilityGlobals) = postSolution
		SolutionGuid = {0C5A05A4-5AC1-401A-839C-75852102FE35}
	EndGlobalSection
EndGlobal
